// !$*UTF8*$!
{
	archiveVersion = 1;
	classes = {
	};
	objectVersion = 55;
	objects = {

/* Begin PBXBuildFile section */
		0B1F4A79277076FC0006B9CF /* AppDelegate.swift in Sources */ = {isa = PBXBuildFile; fileRef = 0B1F4A78277076FC0006B9CF /* AppDelegate.swift */; };
		0B1F4A7B277076FC0006B9CF /* SceneDelegate.swift in Sources */ = {isa = PBXBuildFile; fileRef = 0B1F4A7A277076FC0006B9CF /* SceneDelegate.swift */; };
		0B1F4A7D277076FC0006B9CF /* HomeViewController.swift in Sources */ = {isa = PBXBuildFile; fileRef = 0B1F4A7C277076FC0006B9CF /* HomeViewController.swift */; };
		0B1F4A83277076FC0006B9CF /* DangProject.xcdatamodeld in Sources */ = {isa = PBXBuildFile; fileRef = 0B1F4A81277076FC0006B9CF /* DangProject.xcdatamodeld */; };
		0B1F4A85277076FE0006B9CF /* Assets.xcassets in Resources */ = {isa = PBXBuildFile; fileRef = 0B1F4A84277076FE0006B9CF /* Assets.xcassets */; };
		0B1F4A88277076FE0006B9CF /* LaunchScreen.storyboard in Resources */ = {isa = PBXBuildFile; fileRef = 0B1F4A86277076FE0006B9CF /* LaunchScreen.storyboard */; };
		0B1F4A9027708B230006B9CF /* FetchResearchRepository.swift in Sources */ = {isa = PBXBuildFile; fileRef = 0B1F4A8F27708B230006B9CF /* FetchResearchRepository.swift */; };
		0BB4351927984F5E00634E51 /* Nutrient.swift in Sources */ = {isa = PBXBuildFile; fileRef = 0BB4351827984F5E00634E51 /* Nutrient.swift */; };
		0BB4351F2798503200634E51 /* MainCoordinator.swift in Sources */ = {isa = PBXBuildFile; fileRef = 0BB4351E2798503200634E51 /* MainCoordinator.swift */; };
		0BB435212798518C00634E51 /* HomeCoordinator.swift in Sources */ = {isa = PBXBuildFile; fileRef = 0BB435202798518C00634E51 /* HomeCoordinator.swift */; };
		0BB435232798519800634E51 /* HomeDIContainer.swift in Sources */ = {isa = PBXBuildFile; fileRef = 0BB435222798519800634E51 /* HomeDIContainer.swift */; };
		0BB43525279851A300634E51 /* HomeViewModel.swift in Sources */ = {isa = PBXBuildFile; fileRef = 0BB43524279851A300634E51 /* HomeViewModel.swift */; };
		0BB435272798537900634E51 /* HomeUseCase.swift in Sources */ = {isa = PBXBuildFile; fileRef = 0BB435262798537900634E51 /* HomeUseCase.swift */; };
		0BB4352927985C8800634E51 /* TempData.swift in Sources */ = {isa = PBXBuildFile; fileRef = 0BB4352827985C8800634E51 /* TempData.swift */; };
		0BB4352B279864B200634E51 /* GraphView.swift in Sources */ = {isa = PBXBuildFile; fileRef = 0BB4352A279864B200634E51 /* GraphView.swift */; };
		0BB4352D279919AD00634E51 /* Extensions.swift in Sources */ = {isa = PBXBuildFile; fileRef = 0BB4352C279919AD00634E51 /* Extensions.swift */; };
		406DE831D86791792DAD62BD /* Pods_DangProject.framework in Frameworks */ = {isa = PBXBuildFile; fileRef = F64F741B1CC607F30779F70B /* Pods_DangProject.framework */; };
/* End PBXBuildFile section */

/* Begin PBXFileReference section */
		0B1F4A75277076FC0006B9CF /* DangProject.app */ = {isa = PBXFileReference; explicitFileType = wrapper.application; includeInIndex = 0; path = DangProject.app; sourceTree = BUILT_PRODUCTS_DIR; };
		0B1F4A78277076FC0006B9CF /* AppDelegate.swift */ = {isa = PBXFileReference; lastKnownFileType = sourcecode.swift; path = AppDelegate.swift; sourceTree = "<group>"; };
		0B1F4A7A277076FC0006B9CF /* SceneDelegate.swift */ = {isa = PBXFileReference; lastKnownFileType = sourcecode.swift; path = SceneDelegate.swift; sourceTree = "<group>"; };
		0B1F4A7C277076FC0006B9CF /* HomeViewController.swift */ = {isa = PBXFileReference; lastKnownFileType = sourcecode.swift; path = HomeViewController.swift; sourceTree = "<group>"; };
		0B1F4A82277076FC0006B9CF /* DangProject.xcdatamodel */ = {isa = PBXFileReference; lastKnownFileType = wrapper.xcdatamodel; path = DangProject.xcdatamodel; sourceTree = "<group>"; };
		0B1F4A84277076FE0006B9CF /* Assets.xcassets */ = {isa = PBXFileReference; lastKnownFileType = folder.assetcatalog; path = Assets.xcassets; sourceTree = "<group>"; };
		0B1F4A87277076FE0006B9CF /* Base */ = {isa = PBXFileReference; lastKnownFileType = file.storyboard; name = Base; path = Base.lproj/LaunchScreen.storyboard; sourceTree = "<group>"; };
		0B1F4A89277076FE0006B9CF /* Info.plist */ = {isa = PBXFileReference; lastKnownFileType = text.plist.xml; path = Info.plist; sourceTree = "<group>"; };
		0B1F4A8F27708B230006B9CF /* FetchResearchRepository.swift */ = {isa = PBXFileReference; lastKnownFileType = sourcecode.swift; path = FetchResearchRepository.swift; sourceTree = "<group>"; };
		0B3132E1C7D66AF3CCBF58B2 /* Pods-DangProject.debug.xcconfig */ = {isa = PBXFileReference; includeInIndex = 1; lastKnownFileType = text.xcconfig; name = "Pods-DangProject.debug.xcconfig"; path = "Target Support Files/Pods-DangProject/Pods-DangProject.debug.xcconfig"; sourceTree = "<group>"; };
		0BB4351827984F5E00634E51 /* Nutrient.swift */ = {isa = PBXFileReference; lastKnownFileType = sourcecode.swift; path = Nutrient.swift; sourceTree = "<group>"; };
		0BB4351E2798503200634E51 /* MainCoordinator.swift */ = {isa = PBXFileReference; lastKnownFileType = sourcecode.swift; path = MainCoordinator.swift; sourceTree = "<group>"; };
		0BB435202798518C00634E51 /* HomeCoordinator.swift */ = {isa = PBXFileReference; lastKnownFileType = sourcecode.swift; path = HomeCoordinator.swift; sourceTree = "<group>"; };
		0BB435222798519800634E51 /* HomeDIContainer.swift */ = {isa = PBXFileReference; lastKnownFileType = sourcecode.swift; path = HomeDIContainer.swift; sourceTree = "<group>"; };
		0BB43524279851A300634E51 /* HomeViewModel.swift */ = {isa = PBXFileReference; lastKnownFileType = sourcecode.swift; path = HomeViewModel.swift; sourceTree = "<group>"; };
		0BB435262798537900634E51 /* HomeUseCase.swift */ = {isa = PBXFileReference; lastKnownFileType = sourcecode.swift; path = HomeUseCase.swift; sourceTree = "<group>"; };
		0BB4352827985C8800634E51 /* TempData.swift */ = {isa = PBXFileReference; lastKnownFileType = sourcecode.swift; path = TempData.swift; sourceTree = "<group>"; };
		0BB4352A279864B200634E51 /* GraphView.swift */ = {isa = PBXFileReference; lastKnownFileType = sourcecode.swift; path = GraphView.swift; sourceTree = "<group>"; };
		0BB4352C279919AD00634E51 /* Extensions.swift */ = {isa = PBXFileReference; lastKnownFileType = sourcecode.swift; path = Extensions.swift; sourceTree = "<group>"; };
		F64F741B1CC607F30779F70B /* Pods_DangProject.framework */ = {isa = PBXFileReference; explicitFileType = wrapper.framework; includeInIndex = 0; path = Pods_DangProject.framework; sourceTree = BUILT_PRODUCTS_DIR; };
		F6C652F5CAE53B0BDC449AB6 /* Pods-DangProject.release.xcconfig */ = {isa = PBXFileReference; includeInIndex = 1; lastKnownFileType = text.xcconfig; name = "Pods-DangProject.release.xcconfig"; path = "Target Support Files/Pods-DangProject/Pods-DangProject.release.xcconfig"; sourceTree = "<group>"; };
/* End PBXFileReference section */

/* Begin PBXFrameworksBuildPhase section */
		0B1F4A72277076FC0006B9CF /* Frameworks */ = {
			isa = PBXFrameworksBuildPhase;
			buildActionMask = 2147483647;
			files = (
				406DE831D86791792DAD62BD /* Pods_DangProject.framework in Frameworks */,
			);
			runOnlyForDeploymentPostprocessing = 0;
		};
/* End PBXFrameworksBuildPhase section */

/* Begin PBXGroup section */
		0B1F4A6C277076FC0006B9CF = {
			isa = PBXGroup;
			children = (
				0B1F4A77277076FC0006B9CF /* DangProject */,
				0B1F4A76277076FC0006B9CF /* Products */,
				408AEF6A9790F5EBEF1D177B /* Pods */,
				9F1823D23109421E5156D0E3 /* Frameworks */,
			);
			sourceTree = "<group>";
		};
		0B1F4A76277076FC0006B9CF /* Products */ = {
			isa = PBXGroup;
			children = (
				0B1F4A75277076FC0006B9CF /* DangProject.app */,
			);
			name = Products;
			sourceTree = "<group>";
		};
		0B1F4A77277076FC0006B9CF /* DangProject */ = {
			isa = PBXGroup;
			children = (
				0BB4350F27984D5600634E51 /* Application */,
				0BB4351327984E5A00634E51 /* Presentation */,
				0B1F4A84277076FE0006B9CF /* Assets.xcassets */,
				0B1F4A86277076FE0006B9CF /* LaunchScreen.storyboard */,
				0B1F4A89277076FE0006B9CF /* Info.plist */,
				0B1F4A81277076FC0006B9CF /* DangProject.xcdatamodeld */,
				0BB4350A27984CBB00634E51 /* Domain */,
				0BB4351027984DE300634E51 /* Data */,
			);
			path = DangProject;
			sourceTree = "<group>";
		};
		0BB4350A27984CBB00634E51 /* Domain */ = {
			isa = PBXGroup;
			children = (
				0BB4351127984DF200634E51 /* Entities */,
				0BB4350B27984CC900634E51 /* UseCases */,
			);
			path = Domain;
			sourceTree = "<group>";
		};
		0BB4350B27984CC900634E51 /* UseCases */ = {
			isa = PBXGroup;
			children = (
				0BB435262798537900634E51 /* HomeUseCase.swift */,
			);
			path = UseCases;
			sourceTree = "<group>";
		};
		0BB4350C27984CCE00634E51 /* Repository */ = {
			isa = PBXGroup;
			children = (
				0B1F4A8F27708B230006B9CF /* FetchResearchRepository.swift */,
			);
			path = Repository;
			sourceTree = "<group>";
		};
		0BB4350F27984D5600634E51 /* Application */ = {
			isa = PBXGroup;
			children = (
				0B1F4A78277076FC0006B9CF /* AppDelegate.swift */,
				0B1F4A7A277076FC0006B9CF /* SceneDelegate.swift */,
				0BB4351E2798503200634E51 /* MainCoordinator.swift */,
			);
			path = Application;
			sourceTree = "<group>";
		};
		0BB4351027984DE300634E51 /* Data */ = {
			isa = PBXGroup;
			children = (
				0BB4350C27984CCE00634E51 /* Repository */,
				0BB4351227984E2600634E51 /* CoreData */,
			);
			path = Data;
			sourceTree = "<group>";
		};
		0BB4351127984DF200634E51 /* Entities */ = {
			isa = PBXGroup;
			children = (
				0BB4351827984F5E00634E51 /* Nutrient.swift */,
				0BB4352827985C8800634E51 /* TempData.swift */,
			);
			path = Entities;
			sourceTree = "<group>";
		};
		0BB4351227984E2600634E51 /* CoreData */ = {
			isa = PBXGroup;
			children = (
			);
			path = CoreData;
			sourceTree = "<group>";
		};
		0BB4351327984E5A00634E51 /* Presentation */ = {
			isa = PBXGroup;
			children = (
				0BB4351727984E9F00634E51 /* Home */,
				0BB4351427984E7F00634E51 /* Utils */,
			);
			path = Presentation;
			sourceTree = "<group>";
		};
		0BB4351427984E7F00634E51 /* Utils */ = {
			isa = PBXGroup;
			children = (
				0BB4351627984E9100634E51 /* Protocols */,
				0BB4351527984E8900634E51 /* Extensions */,
			);
			path = Utils;
			sourceTree = "<group>";
		};
		0BB4351527984E8900634E51 /* Extensions */ = {
			isa = PBXGroup;
			children = (
				0BB4352C279919AD00634E51 /* Extensions.swift */,
			);
			path = Extensions;
			sourceTree = "<group>";
		};
		0BB4351627984E9100634E51 /* Protocols */ = {
			isa = PBXGroup;
			children = (
			);
			path = Protocols;
			sourceTree = "<group>";
		};
		0BB4351727984E9F00634E51 /* Home */ = {
			isa = PBXGroup;
			children = (
				0BB4351D2798501400634E51 /* Coordinator */,
				0BB4351C2798500900634E51 /* DIContainer */,
				0BB4351B27984FF800634E51 /* VIewModel */,
				0BB4351A27984FF000634E51 /* View */,
			);
			path = Home;
			sourceTree = "<group>";
		};
		0BB4351A27984FF000634E51 /* View */ = {
			isa = PBXGroup;
			children = (
				0B1F4A7C277076FC0006B9CF /* HomeViewController.swift */,
				0BB4352A279864B200634E51 /* GraphView.swift */,
			);
			path = View;
			sourceTree = "<group>";
		};
		0BB4351B27984FF800634E51 /* VIewModel */ = {
			isa = PBXGroup;
			children = (
				0BB43524279851A300634E51 /* HomeViewModel.swift */,
			);
			path = VIewModel;
			sourceTree = "<group>";
		};
		0BB4351C2798500900634E51 /* DIContainer */ = {
			isa = PBXGroup;
			children = (
				0BB435222798519800634E51 /* HomeDIContainer.swift */,
			);
			path = DIContainer;
			sourceTree = "<group>";
		};
		0BB4351D2798501400634E51 /* Coordinator */ = {
			isa = PBXGroup;
			children = (
				0BB435202798518C00634E51 /* HomeCoordinator.swift */,
			);
			path = Coordinator;
			sourceTree = "<group>";
		};
		408AEF6A9790F5EBEF1D177B /* Pods */ = {
			isa = PBXGroup;
			children = (
				0B3132E1C7D66AF3CCBF58B2 /* Pods-DangProject.debug.xcconfig */,
				F6C652F5CAE53B0BDC449AB6 /* Pods-DangProject.release.xcconfig */,
			);
			path = Pods;
			sourceTree = "<group>";
		};
		9F1823D23109421E5156D0E3 /* Frameworks */ = {
			isa = PBXGroup;
			children = (
				F64F741B1CC607F30779F70B /* Pods_DangProject.framework */,
			);
			name = Frameworks;
			sourceTree = "<group>";
		};
/* End PBXGroup section */

/* Begin PBXNativeTarget section */
		0B1F4A74277076FC0006B9CF /* DangProject */ = {
			isa = PBXNativeTarget;
			buildConfigurationList = 0B1F4A8C277076FE0006B9CF /* Build configuration list for PBXNativeTarget "DangProject" */;
			buildPhases = (
				1866640859E7546CDA1B055C /* [CP] Check Pods Manifest.lock */,
				0B1F4A71277076FC0006B9CF /* Sources */,
				0B1F4A72277076FC0006B9CF /* Frameworks */,
				0B1F4A73277076FC0006B9CF /* Resources */,
				0D2BEB3F105590CFBBD829E0 /* [CP] Embed Pods Frameworks */,
			);
			buildRules = (
			);
			dependencies = (
			);
			name = DangProject;
			productName = DangProject;
			productReference = 0B1F4A75277076FC0006B9CF /* DangProject.app */;
			productType = "com.apple.product-type.application";
		};
/* End PBXNativeTarget section */

/* Begin PBXProject section */
		0B1F4A6D277076FC0006B9CF /* Project object */ = {
			isa = PBXProject;
			attributes = {
				BuildIndependentTargetsInParallel = 1;
				LastSwiftUpdateCheck = 1320;
				LastUpgradeCheck = 1320;
				TargetAttributes = {
					0B1F4A74277076FC0006B9CF = {
						CreatedOnToolsVersion = 13.2;
					};
				};
			};
			buildConfigurationList = 0B1F4A70277076FC0006B9CF /* Build configuration list for PBXProject "DangProject" */;
			compatibilityVersion = "Xcode 13.0";
			developmentRegion = en;
			hasScannedForEncodings = 0;
			knownRegions = (
				en,
				Base,
			);
			mainGroup = 0B1F4A6C277076FC0006B9CF;
			productRefGroup = 0B1F4A76277076FC0006B9CF /* Products */;
			projectDirPath = "";
			projectRoot = "";
			targets = (
				0B1F4A74277076FC0006B9CF /* DangProject */,
			);
		};
/* End PBXProject section */

/* Begin PBXResourcesBuildPhase section */
		0B1F4A73277076FC0006B9CF /* Resources */ = {
			isa = PBXResourcesBuildPhase;
			buildActionMask = 2147483647;
			files = (
				0B1F4A88277076FE0006B9CF /* LaunchScreen.storyboard in Resources */,
				0B1F4A85277076FE0006B9CF /* Assets.xcassets in Resources */,
			);
			runOnlyForDeploymentPostprocessing = 0;
		};
/* End PBXResourcesBuildPhase section */

/* Begin PBXShellScriptBuildPhase section */
		0D2BEB3F105590CFBBD829E0 /* [CP] Embed Pods Frameworks */ = {
			isa = PBXShellScriptBuildPhase;
			buildActionMask = 2147483647;
			files = (
			);
			inputFileListPaths = (
				"${PODS_ROOT}/Target Support Files/Pods-DangProject/Pods-DangProject-frameworks-${CONFIGURATION}-input-files.xcfilelist",
			);
			name = "[CP] Embed Pods Frameworks";
			outputFileListPaths = (
				"${PODS_ROOT}/Target Support Files/Pods-DangProject/Pods-DangProject-frameworks-${CONFIGURATION}-output-files.xcfilelist",
			);
			runOnlyForDeploymentPostprocessing = 0;
			shellPath = /bin/sh;
			shellScript = "\"${PODS_ROOT}/Target Support Files/Pods-DangProject/Pods-DangProject-frameworks.sh\"\n";
			showEnvVarsInLog = 0;
		};
		1866640859E7546CDA1B055C /* [CP] Check Pods Manifest.lock */ = {
			isa = PBXShellScriptBuildPhase;
			buildActionMask = 2147483647;
			files = (
			);
			inputFileListPaths = (
			);
			inputPaths = (
				"${PODS_PODFILE_DIR_PATH}/Podfile.lock",
				"${PODS_ROOT}/Manifest.lock",
			);
			name = "[CP] Check Pods Manifest.lock";
			outputFileListPaths = (
			);
			outputPaths = (
				"$(DERIVED_FILE_DIR)/Pods-DangProject-checkManifestLockResult.txt",
			);
			runOnlyForDeploymentPostprocessing = 0;
			shellPath = /bin/sh;
			shellScript = "diff \"${PODS_PODFILE_DIR_PATH}/Podfile.lock\" \"${PODS_ROOT}/Manifest.lock\" > /dev/null\nif [ $? != 0 ] ; then\n    # print error to STDERR\n    echo \"error: The sandbox is not in sync with the Podfile.lock. Run 'pod install' or update your CocoaPods installation.\" >&2\n    exit 1\nfi\n# This output is used by Xcode 'outputs' to avoid re-running this script phase.\necho \"SUCCESS\" > \"${SCRIPT_OUTPUT_FILE_0}\"\n";
			showEnvVarsInLog = 0;
		};
/* End PBXShellScriptBuildPhase section */

/* Begin PBXSourcesBuildPhase section */
		0B1F4A71277076FC0006B9CF /* Sources */ = {
			isa = PBXSourcesBuildPhase;
			buildActionMask = 2147483647;
			files = (
				0B1F4A7D277076FC0006B9CF /* HomeViewController.swift in Sources */,
				0BB4351F2798503200634E51 /* MainCoordinator.swift in Sources */,
				0B1F4A83277076FC0006B9CF /* DangProject.xcdatamodeld in Sources */,
				0BB43525279851A300634E51 /* HomeViewModel.swift in Sources */,
				0BB4351927984F5E00634E51 /* Nutrient.swift in Sources */,
				0B1F4A9027708B230006B9CF /* FetchResearchRepository.swift in Sources */,
				0BB4352B279864B200634E51 /* GraphView.swift in Sources */,
				0BB435232798519800634E51 /* HomeDIContainer.swift in Sources */,
				0BB435212798518C00634E51 /* HomeCoordinator.swift in Sources */,
				0B1F4A79277076FC0006B9CF /* AppDelegate.swift in Sources */,
				0BB4352927985C8800634E51 /* TempData.swift in Sources */,
				0BB435272798537900634E51 /* HomeUseCase.swift in Sources */,
				0B1F4A7B277076FC0006B9CF /* SceneDelegate.swift in Sources */,
				0BB4352D279919AD00634E51 /* Extensions.swift in Sources */,
			);
			runOnlyForDeploymentPostprocessing = 0;
		};
/* End PBXSourcesBuildPhase section */

/* Begin PBXVariantGroup section */
		0B1F4A86277076FE0006B9CF /* LaunchScreen.storyboard */ = {
			isa = PBXVariantGroup;
			children = (
				0B1F4A87277076FE0006B9CF /* Base */,
			);
			name = LaunchScreen.storyboard;
			sourceTree = "<group>";
		};
/* End PBXVariantGroup section */

/* Begin XCBuildConfiguration section */
		0B1F4A8A277076FE0006B9CF /* Debug */ = {
			isa = XCBuildConfiguration;
			buildSettings = {
				ALWAYS_SEARCH_USER_PATHS = NO;
				CLANG_ANALYZER_NONNULL = YES;
				CLANG_ANALYZER_NUMBER_OBJECT_CONVERSION = YES_AGGRESSIVE;
				CLANG_CXX_LANGUAGE_STANDARD = "gnu++17";
				CLANG_CXX_LIBRARY = "libc++";
				CLANG_ENABLE_MODULES = YES;
				CLANG_ENABLE_OBJC_ARC = YES;
				CLANG_ENABLE_OBJC_WEAK = YES;
				CLANG_WARN_BLOCK_CAPTURE_AUTORELEASING = YES;
				CLANG_WARN_BOOL_CONVERSION = YES;
				CLANG_WARN_COMMA = YES;
				CLANG_WARN_CONSTANT_CONVERSION = YES;
				CLANG_WARN_DEPRECATED_OBJC_IMPLEMENTATIONS = YES;
				CLANG_WARN_DIRECT_OBJC_ISA_USAGE = YES_ERROR;
				CLANG_WARN_DOCUMENTATION_COMMENTS = YES;
				CLANG_WARN_EMPTY_BODY = YES;
				CLANG_WARN_ENUM_CONVERSION = YES;
				CLANG_WARN_INFINITE_RECURSION = YES;
				CLANG_WARN_INT_CONVERSION = YES;
				CLANG_WARN_NON_LITERAL_NULL_CONVERSION = YES;
				CLANG_WARN_OBJC_IMPLICIT_RETAIN_SELF = YES;
				CLANG_WARN_OBJC_LITERAL_CONVERSION = YES;
				CLANG_WARN_OBJC_ROOT_CLASS = YES_ERROR;
				CLANG_WARN_QUOTED_INCLUDE_IN_FRAMEWORK_HEADER = YES;
				CLANG_WARN_RANGE_LOOP_ANALYSIS = YES;
				CLANG_WARN_STRICT_PROTOTYPES = YES;
				CLANG_WARN_SUSPICIOUS_MOVE = YES;
				CLANG_WARN_UNGUARDED_AVAILABILITY = YES_AGGRESSIVE;
				CLANG_WARN_UNREACHABLE_CODE = YES;
				CLANG_WARN__DUPLICATE_METHOD_MATCH = YES;
				COPY_PHASE_STRIP = NO;
				DEBUG_INFORMATION_FORMAT = dwarf;
				ENABLE_STRICT_OBJC_MSGSEND = YES;
				ENABLE_TESTABILITY = YES;
				GCC_C_LANGUAGE_STANDARD = gnu11;
				GCC_DYNAMIC_NO_PIC = NO;
				GCC_NO_COMMON_BLOCKS = YES;
				GCC_OPTIMIZATION_LEVEL = 0;
				GCC_PREPROCESSOR_DEFINITIONS = (
					"DEBUG=1",
					"$(inherited)",
				);
				GCC_WARN_64_TO_32_BIT_CONVERSION = YES;
				GCC_WARN_ABOUT_RETURN_TYPE = YES_ERROR;
				GCC_WARN_UNDECLARED_SELECTOR = YES;
				GCC_WARN_UNINITIALIZED_AUTOS = YES_AGGRESSIVE;
				GCC_WARN_UNUSED_FUNCTION = YES;
				GCC_WARN_UNUSED_VARIABLE = YES;
				IPHONEOS_DEPLOYMENT_TARGET = 15.2;
				MTL_ENABLE_DEBUG_INFO = INCLUDE_SOURCE;
				MTL_FAST_MATH = YES;
				ONLY_ACTIVE_ARCH = YES;
				SDKROOT = iphoneos;
				SWIFT_ACTIVE_COMPILATION_CONDITIONS = DEBUG;
				SWIFT_OPTIMIZATION_LEVEL = "-Onone";
			};
			name = Debug;
		};
		0B1F4A8B277076FE0006B9CF /* Release */ = {
			isa = XCBuildConfiguration;
			buildSettings = {
				ALWAYS_SEARCH_USER_PATHS = NO;
				CLANG_ANALYZER_NONNULL = YES;
				CLANG_ANALYZER_NUMBER_OBJECT_CONVERSION = YES_AGGRESSIVE;
				CLANG_CXX_LANGUAGE_STANDARD = "gnu++17";
				CLANG_CXX_LIBRARY = "libc++";
				CLANG_ENABLE_MODULES = YES;
				CLANG_ENABLE_OBJC_ARC = YES;
				CLANG_ENABLE_OBJC_WEAK = YES;
				CLANG_WARN_BLOCK_CAPTURE_AUTORELEASING = YES;
				CLANG_WARN_BOOL_CONVERSION = YES;
				CLANG_WARN_COMMA = YES;
				CLANG_WARN_CONSTANT_CONVERSION = YES;
				CLANG_WARN_DEPRECATED_OBJC_IMPLEMENTATIONS = YES;
				CLANG_WARN_DIRECT_OBJC_ISA_USAGE = YES_ERROR;
				CLANG_WARN_DOCUMENTATION_COMMENTS = YES;
				CLANG_WARN_EMPTY_BODY = YES;
				CLANG_WARN_ENUM_CONVERSION = YES;
				CLANG_WARN_INFINITE_RECURSION = YES;
				CLANG_WARN_INT_CONVERSION = YES;
				CLANG_WARN_NON_LITERAL_NULL_CONVERSION = YES;
				CLANG_WARN_OBJC_IMPLICIT_RETAIN_SELF = YES;
				CLANG_WARN_OBJC_LITERAL_CONVERSION = YES;
				CLANG_WARN_OBJC_ROOT_CLASS = YES_ERROR;
				CLANG_WARN_QUOTED_INCLUDE_IN_FRAMEWORK_HEADER = YES;
				CLANG_WARN_RANGE_LOOP_ANALYSIS = YES;
				CLANG_WARN_STRICT_PROTOTYPES = YES;
				CLANG_WARN_SUSPICIOUS_MOVE = YES;
				CLANG_WARN_UNGUARDED_AVAILABILITY = YES_AGGRESSIVE;
				CLANG_WARN_UNREACHABLE_CODE = YES;
				CLANG_WARN__DUPLICATE_METHOD_MATCH = YES;
				COPY_PHASE_STRIP = NO;
				DEBUG_INFORMATION_FORMAT = "dwarf-with-dsym";
				ENABLE_NS_ASSERTIONS = NO;
				ENABLE_STRICT_OBJC_MSGSEND = YES;
				GCC_C_LANGUAGE_STANDARD = gnu11;
				GCC_NO_COMMON_BLOCKS = YES;
				GCC_WARN_64_TO_32_BIT_CONVERSION = YES;
				GCC_WARN_ABOUT_RETURN_TYPE = YES_ERROR;
				GCC_WARN_UNDECLARED_SELECTOR = YES;
				GCC_WARN_UNINITIALIZED_AUTOS = YES_AGGRESSIVE;
				GCC_WARN_UNUSED_FUNCTION = YES;
				GCC_WARN_UNUSED_VARIABLE = YES;
				IPHONEOS_DEPLOYMENT_TARGET = 15.2;
				MTL_ENABLE_DEBUG_INFO = NO;
				MTL_FAST_MATH = YES;
				SDKROOT = iphoneos;
				SWIFT_COMPILATION_MODE = wholemodule;
				SWIFT_OPTIMIZATION_LEVEL = "-O";
				VALIDATE_PRODUCT = YES;
			};
			name = Release;
		};
		0B1F4A8D277076FE0006B9CF /* Debug */ = {
			isa = XCBuildConfiguration;
			baseConfigurationReference = 0B3132E1C7D66AF3CCBF58B2 /* Pods-DangProject.debug.xcconfig */;
			buildSettings = {
				ASSETCATALOG_COMPILER_APPICON_NAME = AppIcon;
				ASSETCATALOG_COMPILER_GLOBAL_ACCENT_COLOR_NAME = AccentColor;
				CODE_SIGN_STYLE = Automatic;
				CURRENT_PROJECT_VERSION = 1;
				DEVELOPMENT_TEAM = DAG6F8V8UR;
				GENERATE_INFOPLIST_FILE = YES;
				INFOPLIST_FILE = DangProject/Info.plist;
				INFOPLIST_KEY_UIApplicationSupportsIndirectInputEvents = YES;
				INFOPLIST_KEY_UILaunchStoryboardName = LaunchScreen;
				INFOPLIST_KEY_UISupportedInterfaceOrientations_iPad = "UIInterfaceOrientationPortrait UIInterfaceOrientationPortraitUpsideDown UIInterfaceOrientationLandscapeLeft UIInterfaceOrientationLandscapeRight";
				INFOPLIST_KEY_UISupportedInterfaceOrientations_iPhone = "UIInterfaceOrientationPortrait UIInterfaceOrientationLandscapeLeft UIInterfaceOrientationLandscapeRight";
				LD_RUNPATH_SEARCH_PATHS = (
					"$(inherited)",
					"@executable_path/Frameworks",
				);
				MARKETING_VERSION = 1.0;
				PRODUCT_BUNDLE_IDENTIFIER = com.DangProject;
				PRODUCT_NAME = "$(TARGET_NAME)";
				SWIFT_EMIT_LOC_STRINGS = YES;
				SWIFT_VERSION = 5.0;
				TARGETED_DEVICE_FAMILY = "1,2";
			};
			name = Debug;
		};
		0B1F4A8E277076FE0006B9CF /* Release */ = {
			isa = XCBuildConfiguration;
			baseConfigurationReference = F6C652F5CAE53B0BDC449AB6 /* Pods-DangProject.release.xcconfig */;
			buildSettings = {
				ASSETCATALOG_COMPILER_APPICON_NAME = AppIcon;
				ASSETCATALOG_COMPILER_GLOBAL_ACCENT_COLOR_NAME = AccentColor;
				CODE_SIGN_STYLE = Automatic;
				CURRENT_PROJECT_VERSION = 1;
				DEVELOPMENT_TEAM = DAG6F8V8UR;
				GENERATE_INFOPLIST_FILE = YES;
				INFOPLIST_FILE = DangProject/Info.plist;
				INFOPLIST_KEY_UIApplicationSupportsIndirectInputEvents = YES;
				INFOPLIST_KEY_UILaunchStoryboardName = LaunchScreen;
				INFOPLIST_KEY_UISupportedInterfaceOrientations_iPad = "UIInterfaceOrientationPortrait UIInterfaceOrientationPortraitUpsideDown UIInterfaceOrientationLandscapeLeft UIInterfaceOrientationLandscapeRight";
				INFOPLIST_KEY_UISupportedInterfaceOrientations_iPhone = "UIInterfaceOrientationPortrait UIInterfaceOrientationLandscapeLeft UIInterfaceOrientationLandscapeRight";
				LD_RUNPATH_SEARCH_PATHS = (
					"$(inherited)",
					"@executable_path/Frameworks",
				);
				MARKETING_VERSION = 1.0;
				PRODUCT_BUNDLE_IDENTIFIER = com.DangProject;
				PRODUCT_NAME = "$(TARGET_NAME)";
				SWIFT_EMIT_LOC_STRINGS = YES;
				SWIFT_VERSION = 5.0;
				TARGETED_DEVICE_FAMILY = "1,2";
			};
			name = Release;
		};
/* End XCBuildConfiguration section */

/* Begin XCConfigurationList section */
		0B1F4A70277076FC0006B9CF /* Build configuration list for PBXProject "DangProject" */ = {
			isa = XCConfigurationList;
			buildConfigurations = (
				0B1F4A8A277076FE0006B9CF /* Debug */,
				0B1F4A8B277076FE0006B9CF /* Release */,
			);
			defaultConfigurationIsVisible = 0;
			defaultConfigurationName = Release;
		};
		0B1F4A8C277076FE0006B9CF /* Build configuration list for PBXNativeTarget "DangProject" */ = {
			isa = XCConfigurationList;
			buildConfigurations = (
				0B1F4A8D277076FE0006B9CF /* Debug */,
				0B1F4A8E277076FE0006B9CF /* Release */,
			);
			defaultConfigurationIsVisible = 0;
			defaultConfigurationName = Release;
		};
/* End XCConfigurationList section */

/* Begin XCVersionGroup section */
		0B1F4A81277076FC0006B9CF /* DangProject.xcdatamodeld */ = {
			isa = XCVersionGroup;
			children = (
				0B1F4A82277076FC0006B9CF /* DangProject.xcdatamodel */,
			);
			currentVersion = 0B1F4A82277076FC0006B9CF /* DangProject.xcdatamodel */;
			path = DangProject.xcdatamodeld;
			sourceTree = "<group>";
			versionGroupType = wrapper.xcdatamodel;
		};
/* End XCVersionGroup section */
	};
	rootObject = 0B1F4A6D277076FC0006B9CF /* Project object */;
}
